<?xml version="1.0" encoding="utf-8"?>
<Project ToolsVersion="4.0" xmlns="http://schemas.microsoft.com/developer/msbuild/2003">
  <ItemGroup>
    <ClCompile Include="AlignHelper.cpp" />
    <ClCompile Include="Button.cpp" />
    <ClCompile Include="CheckBox.cpp" />
    <ClCompile Include="GameOfLife.cpp" />
    <ClCompile Include="main.cpp" />
    <ClCompile Include="Scene.cpp" />
    <ClCompile Include="SceneGame.cpp" />
    <ClCompile Include="SceneHandler.cpp" />
    <ClCompile Include="SceneOption.cpp" />
    <ClCompile Include="SceneStartMenu.cpp" />
    <ClCompile Include="Timer.cpp" />
    <ClCompile Include="ShapeRectangle.cpp" />
    <ClCompile Include="ShapeCircle.cpp" />
    <ClCompile Include="ShapeSprite.cpp" />
  </ItemGroup>
  <ItemGroup>
    <ClInclude Include="AlignHelper.h" />
    <ClInclude Include="Button.h" />
    <ClInclude Include="CheckBox.h" />
    <ClInclude Include="DrawableObject.h" />
    <ClInclude Include="DrawableShape.h" />
    <ClInclude Include="GameOfLife.h" />
    <ClInclude Include="ObjectBase.h" />
    <ClInclude Include="Scene.h" />
    <ClInclude Include="SceneGame.h" />
    <ClInclude Include="SceneHandler.h" />
    <ClInclude Include="SceneOption.h" />
    <ClInclude Include="SceneStartMenu.h" />
    <ClInclude Include="standardInclude.h" />
    <ClInclude Include="Timer.h" />
    <ClInclude Include="UnorderdMap.h" />
    <ClInclude Include="ShapeRectangle.h" />
    <ClInclude Include="ShapeCircle.h" />
    <ClInclude Include="ShapeSprite.h" />
  </ItemGroup>
</Project>