<?xml version="1.0" encoding="utf-8"?>
<Project ToolsVersion="4.0" xmlns="http://schemas.microsoft.com/developer/msbuild/2003">
  <ItemGroup>
    <ClCompile Include="main.cpp" />
    <ClCompile Include="SceneOption.cpp">
      <Filter>Scenes</Filter>
    </ClCompile>
    <ClCompile Include="SceneSnakeGame.cpp">
      <Filter>Scenes</Filter>
    </ClCompile>
    <ClCompile Include="SceneStartMenu.cpp">
      <Filter>Scenes</Filter>
    </ClCompile>
    <ClCompile Include="GameOfLife.cpp">
      <Filter>Scenes</Filter>
    </ClCompile>
    <ClCompile Include="ShapeRectangle.cpp">
      <Filter>Objects\DrawableShapes</Filter>
    </ClCompile>
    <ClCompile Include="ShapeSprite.cpp">
      <Filter>Objects\DrawableShapes</Filter>
    </ClCompile>
    <ClCompile Include="ShapeCircle.cpp">
      <Filter>Objects\DrawableShapes</Filter>
    </ClCompile>
    <ClCompile Include="Button.cpp">
      <Filter>Objects</Filter>
    </ClCompile>
    <ClCompile Include="CheckBox.cpp">
      <Filter>Objects</Filter>
    </ClCompile>
    <ClCompile Include="AlignHelper.cpp">
      <Filter>ExtraClasses</Filter>
    </ClCompile>
    <ClCompile Include="Timer.cpp">
      <Filter>ExtraClasses</Filter>
    </ClCompile>
    <ClCompile Include="Scene.cpp">
      <Filter>Scenes\SceneStuff</Filter>
    </ClCompile>
    <ClCompile Include="SceneHandler.cpp">
      <Filter>Scenes\SceneStuff</Filter>
    </ClCompile>
  </ItemGroup>
  <ItemGroup>
    <ClInclude Include="SceneOption.h">
      <Filter>Scenes</Filter>
    </ClInclude>
    <ClInclude Include="SceneSnakeGame.h">
      <Filter>Scenes</Filter>
    </ClInclude>
    <ClInclude Include="SceneStartMenu.h">
      <Filter>Scenes</Filter>
    </ClInclude>
    <ClInclude Include="GameOfLife.h">
      <Filter>Scenes</Filter>
    </ClInclude>
    <ClInclude Include="ShapeCircle.h">
      <Filter>Objects\DrawableShapes</Filter>
    </ClInclude>
    <ClInclude Include="ShapeRectangle.h">
      <Filter>Objects\DrawableShapes</Filter>
    </ClInclude>
    <ClInclude Include="ShapeSprite.h">
      <Filter>Objects\DrawableShapes</Filter>
    </ClInclude>
    <ClInclude Include="DrawableShape.h">
      <Filter>Objects\DrawableShapes</Filter>
    </ClInclude>
    <ClInclude Include="DrawableObject.h">
      <Filter>Objects\DrawableShapes</Filter>
    </ClInclude>
    <ClInclude Include="Button.h">
      <Filter>Objects</Filter>
    </ClInclude>
    <ClInclude Include="CheckBox.h">
      <Filter>Objects</Filter>
    </ClInclude>
    <ClInclude Include="ObjectBase.h">
      <Filter>Objects</Filter>
    </ClInclude>
    <ClInclude Include="AlignHelper.h">
      <Filter>ExtraClasses</Filter>
    </ClInclude>
    <ClInclude Include="standardInclude.h">
      <Filter>ExtraClasses</Filter>
    </ClInclude>
    <ClInclude Include="UnorderdMap.h">
      <Filter>ExtraClasses</Filter>
    </ClInclude>
    <ClInclude Include="Timer.h">
      <Filter>ExtraClasses</Filter>
    </ClInclude>
    <ClInclude Include="Scene.h">
      <Filter>Scenes\SceneStuff</Filter>
    </ClInclude>
    <ClInclude Include="SceneHandler.h">
      <Filter>Scenes\SceneStuff</Filter>
    </ClInclude>
  </ItemGroup>
  <ItemGroup>
    <Filter Include="Scenes">
      <UniqueIdentifier>{71b0a76c-a4c3-40fe-a063-ad707663a9fb}</UniqueIdentifier>
    </Filter>
    <Filter Include="Objects">
      <UniqueIdentifier>{99819d6b-6e2b-48ad-9f14-b5f6c0f47e6b}</UniqueIdentifier>
    </Filter>
    <Filter Include="ExtraClasses">
      <UniqueIdentifier>{922f778e-bbc3-4c1e-80a4-29cc780dab98}</UniqueIdentifier>
    </Filter>
    <Filter Include="Objects\DrawableShapes">
      <UniqueIdentifier>{608dd723-48d7-4260-b258-0ba364c44c20}</UniqueIdentifier>
    </Filter>
    <Filter Include="Scenes\SceneStuff">
      <UniqueIdentifier>{aabd034f-4d77-433d-8c10-9957bcdd317c}</UniqueIdentifier>
    </Filter>
  </ItemGroup>
</Project>