<?xml version="1.0" encoding="utf-8"?>
<Project ToolsVersion="4.0" xmlns="http://schemas.microsoft.com/developer/msbuild/2003">
  <ItemGroup>
    <ClCompile Include="main.cpp" />
    <ClCompile Include="SceneOption.cpp">
      <Filter>Scenes</Filter>
    </ClCompile>
    <ClCompile Include="SceneSnakeGame.cpp">
      <Filter>Scenes</Filter>
    </ClCompile>
    <ClCompile Include="SceneStartMenu.cpp">
      <Filter>Scenes</Filter>
    </ClCompile>
    <ClCompile Include="ShapeRectangle.cpp">
      <Filter>Objects\ObjectBase\ShapeBase</Filter>
    </ClCompile>
    <ClCompile Include="ShapeSprite.cpp">
      <Filter>Objects\ObjectBase\ShapeBase</Filter>
    </ClCompile>
    <ClCompile Include="ShapeCircle.cpp">
      <Filter>Objects\ObjectBase\ShapeBase</Filter>
    </ClCompile>
    <ClCompile Include="Scene.cpp">
      <Filter>Scenes\SceneBase</Filter>
    </ClCompile>
    <ClCompile Include="SceneHandler.cpp">
      <Filter>Scenes\SceneBase</Filter>
    </ClCompile>
    <ClCompile Include="SceneGOL.cpp">
      <Filter>Scenes</Filter>
    </ClCompile>
    <ClCompile Include="GlobalVariables.cpp">
      <Filter>ExtraClasses</Filter>
    </ClCompile>
    <ClCompile Include="SceneGameSelection.cpp">
      <Filter>Scenes</Filter>
    </ClCompile>
    <ClCompile Include="SavefileHelper.cpp">
      <Filter>HelperClasses</Filter>
    </ClCompile>
    <ClCompile Include="ConfigHelper.cpp">
      <Filter>HelperClasses</Filter>
    </ClCompile>
    <ClCompile Include="AlignHelper.cpp">
      <Filter>HelperClasses</Filter>
    </ClCompile>
    <ClCompile Include="Box2DWorld.cpp">
      <Filter>Box2D</Filter>
    </ClCompile>
    <ClCompile Include="Animation.cpp">
      <Filter>Animation\AnimationBase</Filter>
    </ClCompile>
    <ClCompile Include="SubAnimation.cpp">
      <Filter>Animation\AnimationBase</Filter>
    </ClCompile>
    <ClCompile Include="AniRotate.cpp">
      <Filter>Animation</Filter>
    </ClCompile>
    <ClCompile Include="AniMove.cpp">
      <Filter>Animation</Filter>
    </ClCompile>
    <ClCompile Include="AnimationHandler.cpp">
      <Filter>Animation\AnimationBase</Filter>
    </ClCompile>
    <ClCompile Include="ObjectText.cpp">
      <Filter>Objects\ObjectBase\TextBase</Filter>
    </ClCompile>
    <ClCompile Include="AniSpriteSheet.cpp">
      <Filter>Animation</Filter>
    </ClCompile>
    <ClCompile Include="AniScale.cpp">
      <Filter>Animation</Filter>
    </ClCompile>
    <ClCompile Include="AniSetRotation.cpp">
      <Filter>Animation</Filter>
    </ClCompile>
    <ClCompile Include="AniSetPosition.cpp">
      <Filter>Animation</Filter>
    </ClCompile>
    <ClCompile Include="AniSetScale.cpp">
      <Filter>Animation</Filter>
    </ClCompile>
    <ClCompile Include="Button.cpp">
      <Filter>Objects\NonePhysicalObjects</Filter>
    </ClCompile>
    <ClCompile Include="CheckBox.cpp">
      <Filter>Objects\NonePhysicalObjects</Filter>
    </ClCompile>
    <ClCompile Include="DropdownList.cpp">
      <Filter>Objects\NonePhysicalObjects</Filter>
    </ClCompile>
    <ClCompile Include="Slider.cpp">
      <Filter>Objects\NonePhysicalObjects</Filter>
    </ClCompile>
    <ClCompile Include="PhysicalObjectBase.cpp">
      <Filter>Objects\ObjectBase</Filter>
    </ClCompile>
    <ClCompile Include="BodyRectangle.cpp">
      <Filter>Objects\ObjectBase\BodyBase</Filter>
    </ClCompile>
  </ItemGroup>
  <ItemGroup>
    <ClInclude Include="SceneOption.h">
      <Filter>Scenes</Filter>
    </ClInclude>
    <ClInclude Include="SceneSnakeGame.h">
      <Filter>Scenes</Filter>
    </ClInclude>
    <ClInclude Include="SceneStartMenu.h">
      <Filter>Scenes</Filter>
    </ClInclude>
    <ClInclude Include="ShapeCircle.h">
      <Filter>Objects\ObjectBase\ShapeBase</Filter>
    </ClInclude>
    <ClInclude Include="ShapeRectangle.h">
      <Filter>Objects\ObjectBase\ShapeBase</Filter>
    </ClInclude>
    <ClInclude Include="ShapeSprite.h">
      <Filter>Objects\ObjectBase\ShapeBase</Filter>
    </ClInclude>
    <ClInclude Include="DrawableShape.h">
      <Filter>Objects\ObjectBase\ShapeBase</Filter>
    </ClInclude>
    <ClInclude Include="UnorderdMap.h">
      <Filter>ExtraClasses</Filter>
    </ClInclude>
    <ClInclude Include="Scene.h">
      <Filter>Scenes\SceneBase</Filter>
    </ClInclude>
    <ClInclude Include="SceneHandler.h">
      <Filter>Scenes\SceneBase</Filter>
    </ClInclude>
    <ClInclude Include="SceneGOL.h">
      <Filter>Scenes</Filter>
    </ClInclude>
    <ClInclude Include="GlobalVariables.h">
      <Filter>ExtraClasses</Filter>
    </ClInclude>
    <ClInclude Include="SceneGameSelection.h">
      <Filter>Scenes</Filter>
    </ClInclude>
    <ClInclude Include="SavefileHelper.h">
      <Filter>HelperClasses</Filter>
    </ClInclude>
    <ClInclude Include="ConfigHelper.h">
      <Filter>HelperClasses</Filter>
    </ClInclude>
    <ClInclude Include="AlignHelper.h">
      <Filter>HelperClasses</Filter>
    </ClInclude>
    <ClInclude Include="Box2DWorld.h">
      <Filter>Box2D</Filter>
    </ClInclude>
    <ClInclude Include="AnimationHandler.h">
      <Filter>Animation\AnimationBase</Filter>
    </ClInclude>
    <ClInclude Include="Animation.h">
      <Filter>Animation\AnimationBase</Filter>
    </ClInclude>
    <ClInclude Include="KeyFrame.h">
      <Filter>Animation\AnimationBase</Filter>
    </ClInclude>
    <ClInclude Include="SubAnimation.h">
      <Filter>Animation\AnimationBase</Filter>
    </ClInclude>
    <ClInclude Include="AniRotate.h">
      <Filter>Animation</Filter>
    </ClInclude>
    <ClInclude Include="AniMove.h">
      <Filter>Animation</Filter>
    </ClInclude>
    <ClInclude Include="StandardInclude.h">
      <Filter>ExtraClasses</Filter>
    </ClInclude>
    <ClInclude Include="ObjectText.h">
      <Filter>Objects\ObjectBase\TextBase</Filter>
    </ClInclude>
    <ClInclude Include="AniSpriteSheet.h">
      <Filter>Animation</Filter>
    </ClInclude>
    <ClInclude Include="AniScale.h">
      <Filter>Animation</Filter>
    </ClInclude>
    <ClInclude Include="AniSetRotation.h">
      <Filter>Animation</Filter>
    </ClInclude>
    <ClInclude Include="AniSetPosition.h">
      <Filter>Animation</Filter>
    </ClInclude>
    <ClInclude Include="AnimationInclude.h">
      <Filter>Animation\AnimationBase</Filter>
    </ClInclude>
    <ClInclude Include="AniSetScale.h">
      <Filter>Animation</Filter>
    </ClInclude>
    <ClInclude Include="Button.h">
      <Filter>Objects\NonePhysicalObjects</Filter>
    </ClInclude>
    <ClInclude Include="CheckBox.h">
      <Filter>Objects\NonePhysicalObjects</Filter>
    </ClInclude>
    <ClInclude Include="DropdownList.h">
      <Filter>Objects\NonePhysicalObjects</Filter>
    </ClInclude>
    <ClInclude Include="Slider.h">
      <Filter>Objects\NonePhysicalObjects</Filter>
    </ClInclude>
    <ClInclude Include="BaseResource.h">
      <Filter>Objects\ObjectBase</Filter>
    </ClInclude>
    <ClInclude Include="PhysicalObjectBase.h">
      <Filter>Objects\ObjectBase</Filter>
    </ClInclude>
    <ClInclude Include="BaseObject.h">
      <Filter>Objects\ObjectBase</Filter>
    </ClInclude>
    <ClInclude Include="ShapeBase.h">
      <Filter>Objects\ObjectBase\ShapeBase</Filter>
    </ClInclude>
    <ClInclude Include="BodyShapeBase.h">
      <Filter>Objects\ObjectBase\BodyBase</Filter>
    </ClInclude>
    <ClInclude Include="BodyRectangle.h">
      <Filter>Objects\ObjectBase\BodyBase</Filter>
    </ClInclude>
  </ItemGroup>
  <ItemGroup>
    <Filter Include="Scenes">
      <UniqueIdentifier>{71b0a76c-a4c3-40fe-a063-ad707663a9fb}</UniqueIdentifier>
    </Filter>
    <Filter Include="Objects">
      <UniqueIdentifier>{99819d6b-6e2b-48ad-9f14-b5f6c0f47e6b}</UniqueIdentifier>
    </Filter>
    <Filter Include="ExtraClasses">
      <UniqueIdentifier>{922f778e-bbc3-4c1e-80a4-29cc780dab98}</UniqueIdentifier>
    </Filter>
    <Filter Include="HelperClasses">
      <UniqueIdentifier>{67c69018-8878-4b9e-bd27-35b3e6d05dc3}</UniqueIdentifier>
    </Filter>
    <Filter Include="Animation">
      <UniqueIdentifier>{8e0ee1f5-dac6-423b-83c0-ec61ee379457}</UniqueIdentifier>
    </Filter>
    <Filter Include="Box2D">
      <UniqueIdentifier>{86037484-286f-4c8a-954b-eb69622dd3de}</UniqueIdentifier>
    </Filter>
    <Filter Include="Animation\AnimationBase">
      <UniqueIdentifier>{940e1151-f911-47a6-8efc-f5572ee8b9f5}</UniqueIdentifier>
    </Filter>
    <Filter Include="Scenes\SceneBase">
      <UniqueIdentifier>{aabd034f-4d77-433d-8c10-9957bcdd317c}</UniqueIdentifier>
    </Filter>
    <Filter Include="Objects\NonePhysicalObjects">
      <UniqueIdentifier>{31b2d3d7-33b2-4bfb-a545-fe0d2411e09b}</UniqueIdentifier>
    </Filter>
    <Filter Include="Objects\PhysicalObjects">
      <UniqueIdentifier>{d2bf6ea5-7cb1-46cf-bbb3-8c6f63263c58}</UniqueIdentifier>
    </Filter>
    <Filter Include="Objects\ObjectBase">
      <UniqueIdentifier>{3ed874e3-da39-4e0d-9b64-530f7cc74f59}</UniqueIdentifier>
    </Filter>
    <Filter Include="Objects\ObjectBase\ShapeBase">
      <UniqueIdentifier>{608dd723-48d7-4260-b258-0ba364c44c20}</UniqueIdentifier>
    </Filter>
    <Filter Include="Objects\ObjectBase\TextBase">
      <UniqueIdentifier>{a2bfdd27-ddf7-40a2-8d38-84b57b3d88ca}</UniqueIdentifier>
    </Filter>
    <Filter Include="Objects\ObjectBase\BodyBase">
      <UniqueIdentifier>{24abf328-4ff1-45ab-81dd-48b2ec143d5d}</UniqueIdentifier>
    </Filter>
  </ItemGroup>
</Project>